// !$*UTF8*$!
{
	archiveVersion = 1;
	classes = {
	};
	objectVersion = 50;
	objects = {

/* Begin PBXBuildFile section */
		6608B9E526366AAB002CDF5F /* AppDelegate.swift in Sources */ = {isa = PBXBuildFile; fileRef = 6608B9E426366AAB002CDF5F /* AppDelegate.swift */; };
		6608B9E726366AAB002CDF5F /* SceneDelegate.swift in Sources */ = {isa = PBXBuildFile; fileRef = 6608B9E626366AAB002CDF5F /* SceneDelegate.swift */; };
		6608B9EE26366AAC002CDF5F /* Assets.xcassets in Resources */ = {isa = PBXBuildFile; fileRef = 6608B9ED26366AAC002CDF5F /* Assets.xcassets */; };
		6608B9F126366AAC002CDF5F /* LaunchScreen.storyboard in Resources */ = {isa = PBXBuildFile; fileRef = 6608B9EF26366AAC002CDF5F /* LaunchScreen.storyboard */; };
		6608BA0026366B27002CDF5F /* SimultaneousImageDownloadVC.swift in Sources */ = {isa = PBXBuildFile; fileRef = 6608B9FF26366B27002CDF5F /* SimultaneousImageDownloadVC.swift */; };
		6608BA0326366B3A002CDF5F /* SimultaneousImageDownload.storyboard in Resources */ = {isa = PBXBuildFile; fileRef = 6608BA0226366B3A002CDF5F /* SimultaneousImageDownload.storyboard */; };
		6608BA1126366C6A002CDF5F /* MyTableViewCell.swift in Sources */ = {isa = PBXBuildFile; fileRef = 6608BA0F26366C6A002CDF5F /* MyTableViewCell.swift */; };
		6608BA1226366C6A002CDF5F /* MyTableViewCell.xib in Resources */ = {isa = PBXBuildFile; fileRef = 6608BA1026366C6A002CDF5F /* MyTableViewCell.xib */; };
		6608BA1526366EB0002CDF5F /* Image.swift in Sources */ = {isa = PBXBuildFile; fileRef = 6608BA1426366EB0002CDF5F /* Image.swift */; };
		6608BA1826366F2C002CDF5F /* APIService.swift in Sources */ = {isa = PBXBuildFile; fileRef = 6608BA1726366F2C002CDF5F /* APIService.swift */; };
		6608BA1C263671E5002CDF5F /* SimultaneousImageDownloadViewModel.swift in Sources */ = {isa = PBXBuildFile; fileRef = 6608BA1B263671E5002CDF5F /* SimultaneousImageDownloadViewModel.swift */; };
		6608BA382636C96F002CDF5F /* SerialImageDownloadVC.swift in Sources */ = {isa = PBXBuildFile; fileRef = 6608BA372636C96F002CDF5F /* SerialImageDownloadVC.swift */; };
		6608BA3C2636C997002CDF5F /* SerialImageDownload.storyboard in Resources */ = {isa = PBXBuildFile; fileRef = 6608BA3B2636C997002CDF5F /* SerialImageDownload.storyboard */; };
		6608BA3F2636CAE4002CDF5F /* SerialImageDownloadViewModel.swift in Sources */ = {isa = PBXBuildFile; fileRef = 6608BA3E2636CAE4002CDF5F /* SerialImageDownloadViewModel.swift */; };
		66253C6326410DB8007F8F6B /* test.json in Resources */ = {isa = PBXBuildFile; fileRef = 66253C6226410DB8007F8F6B /* test.json */; };
		66D4B5E826412BBA003802EE /* APIServiceLocal.swift in Sources */ = {isa = PBXBuildFile; fileRef = 66D4B5E726412BBA003802EE /* APIServiceLocal.swift */; };
		66DEBD32263CEEA200A31A91 /* UIImageView+Extention.swift in Sources */ = {isa = PBXBuildFile; fileRef = 66DEBD31263CEEA200A31A91 /* UIImageView+Extention.swift */; };
		66E4724F263943C500ECFC43 /* MainViewController.swift in Sources */ = {isa = PBXBuildFile; fileRef = 66E4724D263943C500ECFC43 /* MainViewController.swift */; };
		66E472552639462900ECFC43 /* MainView.storyboard in Resources */ = {isa = PBXBuildFile; fileRef = 66E472542639462900ECFC43 /* MainView.storyboard */; };
		66E4725D2639506500ECFC43 /* ReadJSONViewController.swift in Sources */ = {isa = PBXBuildFile; fileRef = 66E4725C2639506500ECFC43 /* ReadJSONViewController.swift */; };
		66E472602639507700ECFC43 /* ReadJSON.storyboard in Resources */ = {isa = PBXBuildFile; fileRef = 66E4725F2639507700ECFC43 /* ReadJSON.storyboard */; };
		66E472712639536B00ECFC43 /* StudentTableViewCell.swift in Sources */ = {isa = PBXBuildFile; fileRef = 66E4726F2639536B00ECFC43 /* StudentTableViewCell.swift */; };
		66E472722639536B00ECFC43 /* StudentTableViewCell.xib in Resources */ = {isa = PBXBuildFile; fileRef = 66E472702639536B00ECFC43 /* StudentTableViewCell.xib */; };
		66E472752639574A00ECFC43 /* Student.swift in Sources */ = {isa = PBXBuildFile; fileRef = 66E472742639574A00ECFC43 /* Student.swift */; };
		66E4727A263960F300ECFC43 /* ReadJSONViewModel.swift in Sources */ = {isa = PBXBuildFile; fileRef = 66E47279263960F300ECFC43 /* ReadJSONViewModel.swift */; };
/* End PBXBuildFile section */

/* Begin PBXFileReference section */
		6608B9E126366AAB002CDF5F /* W7-GCD.app */ = {isa = PBXFileReference; explicitFileType = wrapper.application; includeInIndex = 0; path = "W7-GCD.app"; sourceTree = BUILT_PRODUCTS_DIR; };
		6608B9E426366AAB002CDF5F /* AppDelegate.swift */ = {isa = PBXFileReference; lastKnownFileType = sourcecode.swift; path = AppDelegate.swift; sourceTree = "<group>"; };
		6608B9E626366AAB002CDF5F /* SceneDelegate.swift */ = {isa = PBXFileReference; lastKnownFileType = sourcecode.swift; path = SceneDelegate.swift; sourceTree = "<group>"; };
		6608B9ED26366AAC002CDF5F /* Assets.xcassets */ = {isa = PBXFileReference; lastKnownFileType = folder.assetcatalog; path = Assets.xcassets; sourceTree = "<group>"; };
		6608B9F026366AAC002CDF5F /* Base */ = {isa = PBXFileReference; lastKnownFileType = file.storyboard; name = Base; path = Base.lproj/LaunchScreen.storyboard; sourceTree = "<group>"; };
		6608B9F226366AAC002CDF5F /* Info.plist */ = {isa = PBXFileReference; lastKnownFileType = text.plist.xml; path = Info.plist; sourceTree = "<group>"; };
		6608B9FF26366B27002CDF5F /* SimultaneousImageDownloadVC.swift */ = {isa = PBXFileReference; lastKnownFileType = sourcecode.swift; path = SimultaneousImageDownloadVC.swift; sourceTree = "<group>"; };
		6608BA0226366B3A002CDF5F /* SimultaneousImageDownload.storyboard */ = {isa = PBXFileReference; lastKnownFileType = file.storyboard; path = SimultaneousImageDownload.storyboard; sourceTree = "<group>"; };
		6608BA0F26366C6A002CDF5F /* MyTableViewCell.swift */ = {isa = PBXFileReference; lastKnownFileType = sourcecode.swift; path = MyTableViewCell.swift; sourceTree = "<group>"; };
		6608BA1026366C6A002CDF5F /* MyTableViewCell.xib */ = {isa = PBXFileReference; lastKnownFileType = file.xib; path = MyTableViewCell.xib; sourceTree = "<group>"; };
		6608BA1426366EB0002CDF5F /* Image.swift */ = {isa = PBXFileReference; lastKnownFileType = sourcecode.swift; path = Image.swift; sourceTree = "<group>"; };
		6608BA1726366F2C002CDF5F /* APIService.swift */ = {isa = PBXFileReference; lastKnownFileType = sourcecode.swift; path = APIService.swift; sourceTree = "<group>"; };
		6608BA1B263671E5002CDF5F /* SimultaneousImageDownloadViewModel.swift */ = {isa = PBXFileReference; lastKnownFileType = sourcecode.swift; path = SimultaneousImageDownloadViewModel.swift; sourceTree = "<group>"; };
		6608BA372636C96F002CDF5F /* SerialImageDownloadVC.swift */ = {isa = PBXFileReference; lastKnownFileType = sourcecode.swift; path = SerialImageDownloadVC.swift; sourceTree = "<group>"; };
		6608BA3B2636C997002CDF5F /* SerialImageDownload.storyboard */ = {isa = PBXFileReference; lastKnownFileType = file.storyboard; path = SerialImageDownload.storyboard; sourceTree = "<group>"; };
		6608BA3E2636CAE4002CDF5F /* SerialImageDownloadViewModel.swift */ = {isa = PBXFileReference; lastKnownFileType = sourcecode.swift; path = SerialImageDownloadViewModel.swift; sourceTree = "<group>"; };
		66253C6226410DB8007F8F6B /* test.json */ = {isa = PBXFileReference; lastKnownFileType = text.json; path = test.json; sourceTree = "<group>"; };
		66D4B5E726412BBA003802EE /* APIServiceLocal.swift */ = {isa = PBXFileReference; lastKnownFileType = sourcecode.swift; path = APIServiceLocal.swift; sourceTree = "<group>"; };
		66DEBD31263CEEA200A31A91 /* UIImageView+Extention.swift */ = {isa = PBXFileReference; lastKnownFileType = sourcecode.swift; path = "UIImageView+Extention.swift"; sourceTree = "<group>"; };
		66E4724D263943C500ECFC43 /* MainViewController.swift */ = {isa = PBXFileReference; lastKnownFileType = sourcecode.swift; path = MainViewController.swift; sourceTree = "<group>"; };
		66E472542639462900ECFC43 /* MainView.storyboard */ = {isa = PBXFileReference; lastKnownFileType = file.storyboard; path = MainView.storyboard; sourceTree = "<group>"; };
		66E4725C2639506500ECFC43 /* ReadJSONViewController.swift */ = {isa = PBXFileReference; lastKnownFileType = sourcecode.swift; path = ReadJSONViewController.swift; sourceTree = "<group>"; };
		66E4725F2639507700ECFC43 /* ReadJSON.storyboard */ = {isa = PBXFileReference; lastKnownFileType = file.storyboard; path = ReadJSON.storyboard; sourceTree = "<group>"; };
		66E4726F2639536B00ECFC43 /* StudentTableViewCell.swift */ = {isa = PBXFileReference; lastKnownFileType = sourcecode.swift; path = StudentTableViewCell.swift; sourceTree = "<group>"; };
		66E472702639536B00ECFC43 /* StudentTableViewCell.xib */ = {isa = PBXFileReference; lastKnownFileType = file.xib; path = StudentTableViewCell.xib; sourceTree = "<group>"; };
		66E472742639574A00ECFC43 /* Student.swift */ = {isa = PBXFileReference; lastKnownFileType = sourcecode.swift; path = Student.swift; sourceTree = "<group>"; };
		66E47279263960F300ECFC43 /* ReadJSONViewModel.swift */ = {isa = PBXFileReference; lastKnownFileType = sourcecode.swift; path = ReadJSONViewModel.swift; sourceTree = "<group>"; };
/* End PBXFileReference section */

/* Begin PBXFrameworksBuildPhase section */
		6608B9DE26366AAB002CDF5F /* Frameworks */ = {
			isa = PBXFrameworksBuildPhase;
			buildActionMask = 2147483647;
			files = (
			);
			runOnlyForDeploymentPostprocessing = 0;
		};
/* End PBXFrameworksBuildPhase section */

/* Begin PBXGroup section */
		6608B9D826366AAB002CDF5F = {
			isa = PBXGroup;
			children = (
				6608B9E326366AAB002CDF5F /* W7-GCD */,
				6608B9E226366AAB002CDF5F /* Products */,
			);
			sourceTree = "<group>";
		};
		6608B9E226366AAB002CDF5F /* Products */ = {
			isa = PBXGroup;
			children = (
				6608B9E126366AAB002CDF5F /* W7-GCD.app */,
			);
			name = Products;
			sourceTree = "<group>";
		};
		6608B9E326366AAB002CDF5F /* W7-GCD */ = {
			isa = PBXGroup;
			children = (
				66DEBD30263CEE2500A31A91 /* Extentions */,
				6608B9FD26366AFF002CDF5F /* Screens */,
				6608B9FB26366AE9002CDF5F /* Data */,
				6608B9E426366AAB002CDF5F /* AppDelegate.swift */,
				6608B9E626366AAB002CDF5F /* SceneDelegate.swift */,
				6608B9ED26366AAC002CDF5F /* Assets.xcassets */,
				6608B9EF26366AAC002CDF5F /* LaunchScreen.storyboard */,
				6608B9F226366AAC002CDF5F /* Info.plist */,
			);
			path = "W7-GCD";
			sourceTree = "<group>";
		};
		6608B9FA26366AE2002CDF5F /* Model */ = {
			isa = PBXGroup;
			children = (
				6608BA1426366EB0002CDF5F /* Image.swift */,
				66E472742639574A00ECFC43 /* Student.swift */,
			);
			path = Model;
			sourceTree = "<group>";
		};
		6608B9FB26366AE9002CDF5F /* Data */ = {
			isa = PBXGroup;
			children = (
				66D4B5E626412AE9003802EE /* LocalService */,
				6608B9FC26366AF0002CDF5F /* WebService */,
				6608B9FA26366AE2002CDF5F /* Model */,
			);
			path = Data;
			sourceTree = "<group>";
		};
		6608B9FC26366AF0002CDF5F /* WebService */ = {
			isa = PBXGroup;
			children = (
				6608BA1726366F2C002CDF5F /* APIService.swift */,
			);
			path = WebService;
			sourceTree = "<group>";
		};
		6608B9FD26366AFF002CDF5F /* Screens */ = {
			isa = PBXGroup;
			children = (
				66E4725B2639500500ECFC43 /* ReadJSON */,
				66E4724C263943A900ECFC43 /* Main */,
				6608BA362636C7B6002CDF5F /* SerialImageDownload */,
				6608B9FE26366B09002CDF5F /* SimultaneousImageDownload */,
			);
			path = Screens;
			sourceTree = "<group>";
		};
		6608B9FE26366B09002CDF5F /* SimultaneousImageDownload */ = {
			isa = PBXGroup;
			children = (
				66A6873E263A5FD3002E5945 /* ViewModel */,
				6608BA0626366C18002CDF5F /* Part */,
				6608B9FF26366B27002CDF5F /* SimultaneousImageDownloadVC.swift */,
				6608BA0226366B3A002CDF5F /* SimultaneousImageDownload.storyboard */,
			);
			path = SimultaneousImageDownload;
			sourceTree = "<group>";
		};
		6608BA0626366C18002CDF5F /* Part */ = {
			isa = PBXGroup;
			children = (
				6608BA0726366C23002CDF5F /* Cell */,
			);
			path = Part;
			sourceTree = "<group>";
		};
		6608BA0726366C23002CDF5F /* Cell */ = {
			isa = PBXGroup;
			children = (
				6608BA0F26366C6A002CDF5F /* MyTableViewCell.swift */,
				6608BA1026366C6A002CDF5F /* MyTableViewCell.xib */,
			);
			path = Cell;
			sourceTree = "<group>";
		};
		6608BA362636C7B6002CDF5F /* SerialImageDownload */ = {
			isa = PBXGroup;
			children = (
				66A6873D263A5FC3002E5945 /* ViewModel */,
				6608BA372636C96F002CDF5F /* SerialImageDownloadVC.swift */,
				6608BA3B2636C997002CDF5F /* SerialImageDownload.storyboard */,
			);
			path = SerialImageDownload;
			sourceTree = "<group>";
		};
		66A6873B263A5F02002E5945 /* ViewModel */ = {
			isa = PBXGroup;
			children = (
				66E47279263960F300ECFC43 /* ReadJSONViewModel.swift */,
			);
			path = ViewModel;
			sourceTree = "<group>";
		};
		66A6873D263A5FC3002E5945 /* ViewModel */ = {
			isa = PBXGroup;
			children = (
				6608BA3E2636CAE4002CDF5F /* SerialImageDownloadViewModel.swift */,
			);
			path = ViewModel;
			sourceTree = "<group>";
		};
		66A6873E263A5FD3002E5945 /* ViewModel */ = {
			isa = PBXGroup;
			children = (
				6608BA1B263671E5002CDF5F /* SimultaneousImageDownloadViewModel.swift */,
			);
			path = ViewModel;
			sourceTree = "<group>";
		};
		66D4B5E626412AE9003802EE /* LocalService */ = {
			isa = PBXGroup;
			children = (
				66253C6226410DB8007F8F6B /* test.json */,
				66D4B5E726412BBA003802EE /* APIServiceLocal.swift */,
			);
			path = LocalService;
			sourceTree = "<group>";
		};
		66DEBD30263CEE2500A31A91 /* Extentions */ = {
			isa = PBXGroup;
			children = (
				66DEBD31263CEEA200A31A91 /* UIImageView+Extention.swift */,
			);
			path = Extentions;
			sourceTree = "<group>";
		};
		66E4724C263943A900ECFC43 /* Main */ = {
			isa = PBXGroup;
			children = (
				66E4724D263943C500ECFC43 /* MainViewController.swift */,
				66E472542639462900ECFC43 /* MainView.storyboard */,
			);
			path = Main;
			sourceTree = "<group>";
		};
		66E4725B2639500500ECFC43 /* ReadJSON */ = {
			isa = PBXGroup;
			children = (
				66A6873B263A5F02002E5945 /* ViewModel */,
				66E47262263950A300ECFC43 /* Part */,
				66E4725C2639506500ECFC43 /* ReadJSONViewController.swift */,
				66E4725F2639507700ECFC43 /* ReadJSON.storyboard */,
			);
			path = ReadJSON;
			sourceTree = "<group>";
		};
		66E47262263950A300ECFC43 /* Part */ = {
			isa = PBXGroup;
			children = (
				66E47263263950AC00ECFC43 /* Cell */,
			);
			path = Part;
			sourceTree = "<group>";
		};
		66E47263263950AC00ECFC43 /* Cell */ = {
			isa = PBXGroup;
			children = (
				66E4726F2639536B00ECFC43 /* StudentTableViewCell.swift */,
				66E472702639536B00ECFC43 /* StudentTableViewCell.xib */,
			);
			path = Cell;
			sourceTree = "<group>";
		};
/* End PBXGroup section */

/* Begin PBXNativeTarget section */
		6608B9E026366AAB002CDF5F /* W7-GCD */ = {
			isa = PBXNativeTarget;
			buildConfigurationList = 6608B9F526366AAC002CDF5F /* Build configuration list for PBXNativeTarget "W7-GCD" */;
			buildPhases = (
				6608B9DD26366AAB002CDF5F /* Sources */,
				6608B9DE26366AAB002CDF5F /* Frameworks */,
				6608B9DF26366AAB002CDF5F /* Resources */,
			);
			buildRules = (
			);
			dependencies = (
			);
			name = "W7-GCD";
			productName = "W7-GCD";
			productReference = 6608B9E126366AAB002CDF5F /* W7-GCD.app */;
			productType = "com.apple.product-type.application";
		};
/* End PBXNativeTarget section */

/* Begin PBXProject section */
		6608B9D926366AAB002CDF5F /* Project object */ = {
			isa = PBXProject;
			attributes = {
				LastSwiftUpdateCheck = 1240;
				LastUpgradeCheck = 1240;
				TargetAttributes = {
					6608B9E026366AAB002CDF5F = {
						CreatedOnToolsVersion = 12.4;
					};
				};
			};
			buildConfigurationList = 6608B9DC26366AAB002CDF5F /* Build configuration list for PBXProject "W7-GCD" */;
			compatibilityVersion = "Xcode 9.3";
			developmentRegion = en;
			hasScannedForEncodings = 0;
			knownRegions = (
				en,
				Base,
			);
			mainGroup = 6608B9D826366AAB002CDF5F;
			productRefGroup = 6608B9E226366AAB002CDF5F /* Products */;
			projectDirPath = "";
			projectRoot = "";
			targets = (
				6608B9E026366AAB002CDF5F /* W7-GCD */,
			);
		};
/* End PBXProject section */

/* Begin PBXResourcesBuildPhase section */
		6608B9DF26366AAB002CDF5F /* Resources */ = {
			isa = PBXResourcesBuildPhase;
			buildActionMask = 2147483647;
			files = (
				6608BA3C2636C997002CDF5F /* SerialImageDownload.storyboard in Resources */,
				6608BA0326366B3A002CDF5F /* SimultaneousImageDownload.storyboard in Resources */,
				6608BA1226366C6A002CDF5F /* MyTableViewCell.xib in Resources */,
				66E472722639536B00ECFC43 /* StudentTableViewCell.xib in Resources */,
				6608B9F126366AAC002CDF5F /* LaunchScreen.storyboard in Resources */,
				6608B9EE26366AAC002CDF5F /* Assets.xcassets in Resources */,
				66E472552639462900ECFC43 /* MainView.storyboard in Resources */,
				66253C6326410DB8007F8F6B /* test.json in Resources */,
				66E472602639507700ECFC43 /* ReadJSON.storyboard in Resources */,
			);
			runOnlyForDeploymentPostprocessing = 0;
		};
/* End PBXResourcesBuildPhase section */

/* Begin PBXSourcesBuildPhase section */
		6608B9DD26366AAB002CDF5F /* Sources */ = {
			isa = PBXSourcesBuildPhase;
			buildActionMask = 2147483647;
			files = (
				6608B9E526366AAB002CDF5F /* AppDelegate.swift in Sources */,
				6608BA1126366C6A002CDF5F /* MyTableViewCell.swift in Sources */,
				66E4725D2639506500ECFC43 /* ReadJSONViewController.swift in Sources */,
				6608BA1C263671E5002CDF5F /* SimultaneousImageDownloadViewModel.swift in Sources */,
				66E4724F263943C500ECFC43 /* MainViewController.swift in Sources */,
				6608B9E726366AAB002CDF5F /* SceneDelegate.swift in Sources */,
				66D4B5E826412BBA003802EE /* APIServiceLocal.swift in Sources */,
				6608BA0026366B27002CDF5F /* SimultaneousImageDownloadVC.swift in Sources */,
				66E4727A263960F300ECFC43 /* ReadJSONViewModel.swift in Sources */,
				66E472752639574A00ECFC43 /* Student.swift in Sources */,
				6608BA1826366F2C002CDF5F /* APIService.swift in Sources */,
				6608BA382636C96F002CDF5F /* SerialImageDownloadVC.swift in Sources */,
				6608BA1526366EB0002CDF5F /* Image.swift in Sources */,
				66DEBD32263CEEA200A31A91 /* UIImageView+Extention.swift in Sources */,
				6608BA3F2636CAE4002CDF5F /* SerialImageDownloadViewModel.swift in Sources */,
				66E472712639536B00ECFC43 /* StudentTableViewCell.swift in Sources */,
			);
			runOnlyForDeploymentPostprocessing = 0;
		};
/* End PBXSourcesBuildPhase section */

/* Begin PBXVariantGroup section */
		6608B9EF26366AAC002CDF5F /* LaunchScreen.storyboard */ = {
			isa = PBXVariantGroup;
			children = (
				6608B9F026366AAC002CDF5F /* Base */,
			);
			name = LaunchScreen.storyboard;
			sourceTree = "<group>";
		};
/* End PBXVariantGroup section */

/* Begin XCBuildConfiguration section */
		6608B9F326366AAC002CDF5F /* Debug */ = {
			isa = XCBuildConfiguration;
			buildSettings = {
				ALWAYS_SEARCH_USER_PATHS = NO;
				CLANG_ANALYZER_NONNULL = YES;
				CLANG_ANALYZER_NUMBER_OBJECT_CONVERSION = YES_AGGRESSIVE;
				CLANG_CXX_LANGUAGE_STANDARD = "gnu++14";
				CLANG_CXX_LIBRARY = "libc++";
				CLANG_ENABLE_MODULES = YES;
				CLANG_ENABLE_OBJC_ARC = YES;
				CLANG_ENABLE_OBJC_WEAK = YES;
				CLANG_WARN_BLOCK_CAPTURE_AUTORELEASING = YES;
				CLANG_WARN_BOOL_CONVERSION = YES;
				CLANG_WARN_COMMA = YES;
				CLANG_WARN_CONSTANT_CONVERSION = YES;
				CLANG_WARN_DEPRECATED_OBJC_IMPLEMENTATIONS = YES;
				CLANG_WARN_DIRECT_OBJC_ISA_USAGE = YES_ERROR;
				CLANG_WARN_DOCUMENTATION_COMMENTS = YES;
				CLANG_WARN_EMPTY_BODY = YES;
				CLANG_WARN_ENUM_CONVERSION = YES;
				CLANG_WARN_INFINITE_RECURSION = YES;
				CLANG_WARN_INT_CONVERSION = YES;
				CLANG_WARN_NON_LITERAL_NULL_CONVERSION = YES;
				CLANG_WARN_OBJC_IMPLICIT_RETAIN_SELF = YES;
				CLANG_WARN_OBJC_LITERAL_CONVERSION = YES;
				CLANG_WARN_OBJC_ROOT_CLASS = YES_ERROR;
				CLANG_WARN_QUOTED_INCLUDE_IN_FRAMEWORK_HEADER = YES;
				CLANG_WARN_RANGE_LOOP_ANALYSIS = YES;
				CLANG_WARN_STRICT_PROTOTYPES = YES;
				CLANG_WARN_SUSPICIOUS_MOVE = YES;
				CLANG_WARN_UNGUARDED_AVAILABILITY = YES_AGGRESSIVE;
				CLANG_WARN_UNREACHABLE_CODE = YES;
				CLANG_WARN__DUPLICATE_METHOD_MATCH = YES;
				COPY_PHASE_STRIP = NO;
				DEBUG_INFORMATION_FORMAT = dwarf;
				ENABLE_STRICT_OBJC_MSGSEND = YES;
				ENABLE_TESTABILITY = YES;
				GCC_C_LANGUAGE_STANDARD = gnu11;
				GCC_DYNAMIC_NO_PIC = NO;
				GCC_NO_COMMON_BLOCKS = YES;
				GCC_OPTIMIZATION_LEVEL = 0;
				GCC_PREPROCESSOR_DEFINITIONS = (
					"DEBUG=1",
					"$(inherited)",
				);
				GCC_WARN_64_TO_32_BIT_CONVERSION = YES;
				GCC_WARN_ABOUT_RETURN_TYPE = YES_ERROR;
				GCC_WARN_UNDECLARED_SELECTOR = YES;
				GCC_WARN_UNINITIALIZED_AUTOS = YES_AGGRESSIVE;
				GCC_WARN_UNUSED_FUNCTION = YES;
				GCC_WARN_UNUSED_VARIABLE = YES;
				IPHONEOS_DEPLOYMENT_TARGET = 14.4;
				MTL_ENABLE_DEBUG_INFO = INCLUDE_SOURCE;
				MTL_FAST_MATH = YES;
				ONLY_ACTIVE_ARCH = YES;
				SDKROOT = iphoneos;
				SWIFT_ACTIVE_COMPILATION_CONDITIONS = DEBUG;
				SWIFT_OPTIMIZATION_LEVEL = "-Onone";
			};
			name = Debug;
		};
		6608B9F426366AAC002CDF5F /* Release */ = {
			isa = XCBuildConfiguration;
			buildSettings = {
				ALWAYS_SEARCH_USER_PATHS = NO;
				CLANG_ANALYZER_NONNULL = YES;
				CLANG_ANALYZER_NUMBER_OBJECT_CONVERSION = YES_AGGRESSIVE;
				CLANG_CXX_LANGUAGE_STANDARD = "gnu++14";
				CLANG_CXX_LIBRARY = "libc++";
				CLANG_ENABLE_MODULES = YES;
				CLANG_ENABLE_OBJC_ARC = YES;
				CLANG_ENABLE_OBJC_WEAK = YES;
				CLANG_WARN_BLOCK_CAPTURE_AUTORELEASING = YES;
				CLANG_WARN_BOOL_CONVERSION = YES;
				CLANG_WARN_COMMA = YES;
				CLANG_WARN_CONSTANT_CONVERSION = YES;
				CLANG_WARN_DEPRECATED_OBJC_IMPLEMENTATIONS = YES;
				CLANG_WARN_DIRECT_OBJC_ISA_USAGE = YES_ERROR;
				CLANG_WARN_DOCUMENTATION_COMMENTS = YES;
				CLANG_WARN_EMPTY_BODY = YES;
				CLANG_WARN_ENUM_CONVERSION = YES;
				CLANG_WARN_INFINITE_RECURSION = YES;
				CLANG_WARN_INT_CONVERSION = YES;
				CLANG_WARN_NON_LITERAL_NULL_CONVERSION = YES;
				CLANG_WARN_OBJC_IMPLICIT_RETAIN_SELF = YES;
				CLANG_WARN_OBJC_LITERAL_CONVERSION = YES;
				CLANG_WARN_OBJC_ROOT_CLASS = YES_ERROR;
				CLANG_WARN_QUOTED_INCLUDE_IN_FRAMEWORK_HEADER = YES;
				CLANG_WARN_RANGE_LOOP_ANALYSIS = YES;
				CLANG_WARN_STRICT_PROTOTYPES = YES;
				CLANG_WARN_SUSPICIOUS_MOVE = YES;
				CLANG_WARN_UNGUARDED_AVAILABILITY = YES_AGGRESSIVE;
				CLANG_WARN_UNREACHABLE_CODE = YES;
				CLANG_WARN__DUPLICATE_METHOD_MATCH = YES;
				COPY_PHASE_STRIP = NO;
				DEBUG_INFORMATION_FORMAT = "dwarf-with-dsym";
				ENABLE_NS_ASSERTIONS = NO;
				ENABLE_STRICT_OBJC_MSGSEND = YES;
				GCC_C_LANGUAGE_STANDARD = gnu11;
				GCC_NO_COMMON_BLOCKS = YES;
				GCC_WARN_64_TO_32_BIT_CONVERSION = YES;
				GCC_WARN_ABOUT_RETURN_TYPE = YES_ERROR;
				GCC_WARN_UNDECLARED_SELECTOR = YES;
				GCC_WARN_UNINITIALIZED_AUTOS = YES_AGGRESSIVE;
				GCC_WARN_UNUSED_FUNCTION = YES;
				GCC_WARN_UNUSED_VARIABLE = YES;
				IPHONEOS_DEPLOYMENT_TARGET = 14.4;
				MTL_ENABLE_DEBUG_INFO = NO;
				MTL_FAST_MATH = YES;
				SDKROOT = iphoneos;
				SWIFT_COMPILATION_MODE = wholemodule;
				SWIFT_OPTIMIZATION_LEVEL = "-O";
				VALIDATE_PRODUCT = YES;
			};
			name = Release;
		};
		6608B9F626366AAC002CDF5F /* Debug */ = {
			isa = XCBuildConfiguration;
			buildSettings = {
				ASSETCATALOG_COMPILER_APPICON_NAME = AppIcon;
				ASSETCATALOG_COMPILER_GLOBAL_ACCENT_COLOR_NAME = AccentColor;
				CODE_SIGN_STYLE = Automatic;
				DEVELOPMENT_TEAM = Z839S848GQ;
				INFOPLIST_FILE = "W7-GCD/Info.plist";
				LD_RUNPATH_SEARCH_PATHS = (
					"$(inherited)",
					"@executable_path/Frameworks",
				);
				PRODUCT_BUNDLE_IDENTIFIER = "com.vankhanhvuong.DemoUI.W7-GCD";
				PRODUCT_NAME = "$(TARGET_NAME)";
				SWIFT_VERSION = 5.0;
				TARGETED_DEVICE_FAMILY = "1,2";
			};
			name = Debug;
		};
		6608B9F726366AAC002CDF5F /* Release */ = {
			isa = XCBuildConfiguration;
			buildSettings = {
				ASSETCATALOG_COMPILER_APPICON_NAME = AppIcon;
				ASSETCATALOG_COMPILER_GLOBAL_ACCENT_COLOR_NAME = AccentColor;
				CODE_SIGN_STYLE = Automatic;
				DEVELOPMENT_TEAM = Z839S848GQ;
				INFOPLIST_FILE = "W7-GCD/Info.plist";
				LD_RUNPATH_SEARCH_PATHS = (
					"$(inherited)",
					"@executable_path/Frameworks",
				);
				PRODUCT_BUNDLE_IDENTIFIER = "com.vankhanhvuong.DemoUI.W7-GCD";
				PRODUCT_NAME = "$(TARGET_NAME)";
				SWIFT_VERSION = 5.0;
				TARGETED_DEVICE_FAMILY = "1,2";
			};
			name = Release;
		};
/* End XCBuildConfiguration section */

/* Begin XCConfigurationList section */
		6608B9DC26366AAB002CDF5F /* Build configuration list for PBXProject "W7-GCD" */ = {
			isa = XCConfigurationList;
			buildConfigurations = (
				6608B9F326366AAC002CDF5F /* Debug */,
				6608B9F426366AAC002CDF5F /* Release */,
			);
			defaultConfigurationIsVisible = 0;
			defaultConfigurationName = Release;
		};
		6608B9F526366AAC002CDF5F /* Build configuration list for PBXNativeTarget "W7-GCD" */ = {
			isa = XCConfigurationList;
			buildConfigurations = (
				6608B9F626366AAC002CDF5F /* Debug */,
				6608B9F726366AAC002CDF5F /* Release */,
			);
			defaultConfigurationIsVisible = 0;
			defaultConfigurationName = Release;
		};
/* End XCConfigurationList section */
	};
	rootObject = 6608B9D926366AAB002CDF5F /* Project object */;
}
